
Microsoft Visual Studio Solution File, Format Version 12.00
# Visual Studio 2012
Project("{FAE04EC0-301F-11D3-BF4B-00C04F79EFBC}") = "JavaScript-OOP", "JavaScript-OOP\JavaScript-OOP.csproj", "{BBA69489-29B7-4706-8E04-D853699DB826}"
EndProject
Global
	GlobalSection(SolutionConfigurationPlatforms) = preSolution
		Debug|Any CPU = Debug|Any CPU
		Release|Any CPU = Release|Any CPU
	EndGlobalSection
	GlobalSection(ProjectConfigurationPlatforms) = postSolution
		{BBA69489-29B7-4706-8E04-D853699DB826}.Debug|Any CPU.ActiveCfg = Debug|Any CPU
		{BBA69489-29B7-4706-8E04-D853699DB826}.Debug|Any CPU.Build.0 = Debug|Any CPU
		{BBA69489-29B7-4706-8E04-D853699DB826}.Release|Any CPU.ActiveCfg = Release|Any CPU
		{BBA69489-29B7-4706-8E04-D853699DB826}.Release|Any CPU.Build.0 = Release|Any CPU
	EndGlobalSection
	GlobalSection(SolutionProperties) = preSolution
		HideSolutionNode = FALSE
	EndGlobalSection
EndGlobal
