
Microsoft Visual Studio Solution File, Format Version 12.00
# Visual Studio 2012
Project("{FAE04EC0-301F-11D3-BF4B-00C04F79EFBC}") = "01. DOM Manipulation", "01. DOM Manipulation\01. DOM Manipulation.csproj", "{7A4A51BF-23C4-4F51-B04B-27F02FE39DEC}"
EndProject
Global
	GlobalSection(SolutionConfigurationPlatforms) = preSolution
		Debug|Any CPU = Debug|Any CPU
		Release|Any CPU = Release|Any CPU
	EndGlobalSection
	GlobalSection(ProjectConfigurationPlatforms) = postSolution
		{7A4A51BF-23C4-4F51-B04B-27F02FE39DEC}.Debug|Any CPU.ActiveCfg = Debug|Any CPU
		{7A4A51BF-23C4-4F51-B04B-27F02FE39DEC}.Debug|Any CPU.Build.0 = Debug|Any CPU
		{7A4A51BF-23C4-4F51-B04B-27F02FE39DEC}.Release|Any CPU.ActiveCfg = Release|Any CPU
		{7A4A51BF-23C4-4F51-B04B-27F02FE39DEC}.Release|Any CPU.Build.0 = Release|Any CPU
	EndGlobalSection
	GlobalSection(SolutionProperties) = preSolution
		HideSolutionNode = FALSE
	EndGlobalSection
EndGlobal
