
Microsoft Visual Studio Solution File, Format Version 12.00
# Visual Studio 2012
Project("{FAE04EC0-301F-11D3-BF4B-00C04F79EFBC}") = "02. Advanced-Funcitons", "02. Advanced-Funcitons\02. Advanced-Funcitons.csproj", "{9446A3FB-783A-4ABD-84E8-59AF0015BF7C}"
EndProject
Global
	GlobalSection(SolutionConfigurationPlatforms) = preSolution
		Debug|Any CPU = Debug|Any CPU
		Release|Any CPU = Release|Any CPU
	EndGlobalSection
	GlobalSection(ProjectConfigurationPlatforms) = postSolution
		{9446A3FB-783A-4ABD-84E8-59AF0015BF7C}.Debug|Any CPU.ActiveCfg = Debug|Any CPU
		{9446A3FB-783A-4ABD-84E8-59AF0015BF7C}.Debug|Any CPU.Build.0 = Debug|Any CPU
		{9446A3FB-783A-4ABD-84E8-59AF0015BF7C}.Release|Any CPU.ActiveCfg = Release|Any CPU
		{9446A3FB-783A-4ABD-84E8-59AF0015BF7C}.Release|Any CPU.Build.0 = Release|Any CPU
	EndGlobalSection
	GlobalSection(SolutionProperties) = preSolution
		HideSolutionNode = FALSE
	EndGlobalSection
EndGlobal
