
Microsoft Visual Studio Solution File, Format Version 12.00
# Visual Studio 2012
Project("{FAE04EC0-301F-11D3-BF4B-00C04F79EFBC}") = "04. Javascript-APIs", "04. Javascript-APIs\04. Javascript-APIs.csproj", "{A87194EB-FEB1-4235-A6A9-0312B734594E}"
EndProject
Global
	GlobalSection(SolutionConfigurationPlatforms) = preSolution
		Debug|Any CPU = Debug|Any CPU
		Release|Any CPU = Release|Any CPU
	EndGlobalSection
	GlobalSection(ProjectConfigurationPlatforms) = postSolution
		{A87194EB-FEB1-4235-A6A9-0312B734594E}.Debug|Any CPU.ActiveCfg = Debug|Any CPU
		{A87194EB-FEB1-4235-A6A9-0312B734594E}.Debug|Any CPU.Build.0 = Debug|Any CPU
		{A87194EB-FEB1-4235-A6A9-0312B734594E}.Release|Any CPU.ActiveCfg = Release|Any CPU
		{A87194EB-FEB1-4235-A6A9-0312B734594E}.Release|Any CPU.Build.0 = Release|Any CPU
	EndGlobalSection
	GlobalSection(SolutionProperties) = preSolution
		HideSolutionNode = FALSE
	EndGlobalSection
EndGlobal
